
Microsoft Visual Studio Solution File, Format Version 12.00
# Visual Studio Version 17
VisualStudioVersion = 17.5.002.0
MinimumVisualStudioVersion = 10.0.40219.1
Project("{2150E333-8FDC-42A3-9474-1A3956D46DE8}") = "back", "back", "{B1ECC94E-0177-44AB-914F-04B59444F9FF}"
EndProject
Project("{2150E333-8FDC-42A3-9474-1A3956D46DE8}") = "src", "src", "{9E9EBF1B-89C6-4CEE-A591-3370411BFA99}"
EndProject
Project("{9A19103F-16F7-4668-BE54-9A1E7A4F7556}") = "WeatherConnect.API", "back\src\WeatherConnect.API\WeatherConnect.API.csproj", "{36C832A5-F055-43F7-B1EE-DD2320720E82}"
EndProject
Global
	GlobalSection(SolutionConfigurationPlatforms) = preSolution
		Debug|Any CPU = Debug|Any CPU
		Release|Any CPU = Release|Any CPU
	EndGlobalSection
	GlobalSection(ProjectConfigurationPlatforms) = postSolution
		{36C832A5-F055-43F7-B1EE-DD2320720E82}.Debug|Any CPU.ActiveCfg = Debug|Any CPU
		{36C832A5-F055-43F7-B1EE-DD2320720E82}.Debug|Any CPU.Build.0 = Debug|Any CPU
		{36C832A5-F055-43F7-B1EE-DD2320720E82}.Release|Any CPU.ActiveCfg = Release|Any CPU
		{36C832A5-F055-43F7-B1EE-DD2320720E82}.Release|Any CPU.Build.0 = Release|Any CPU
	EndGlobalSection
	GlobalSection(SolutionProperties) = preSolution
		HideSolutionNode = FALSE
	EndGlobalSection
	GlobalSection(NestedProjects) = preSolution
		{9E9EBF1B-89C6-4CEE-A591-3370411BFA99} = {B1ECC94E-0177-44AB-914F-04B59444F9FF}
		{36C832A5-F055-43F7-B1EE-DD2320720E82} = {9E9EBF1B-89C6-4CEE-A591-3370411BFA99}
	EndGlobalSection
	GlobalSection(ExtensibilityGlobals) = postSolution
		SolutionGuid = {640827CD-C7BD-4AA5-8F45-31CE2CF91D28}
	EndGlobalSection
EndGlobal
